<Solution>
  <Folder Name="/Utilities.Configuration/">
    <Project Path="Configuration/Contracts/Utilities.Configuration.Contracts.csproj" />
    <Project Path="Configuration/Implementation/Utilities.Configuration.csproj" />
    <Project Path="Configuration/Test/Utilities.Configuration.Test.csproj" />
  </Folder>
</Solution>
